
Microsoft Visual Studio Solution File, Format Version 12.00
# Visual Studio Version 16
VisualStudioVersion = 16.0.31205.134
MinimumVisualStudioVersion = 10.0.40219.1
Project("{9A19103F-16F7-4668-BE54-9A1E7A4F7556}") = "InOneWeekend", "InOneWeekend\InOneWeekend.csproj", "{3017A1A6-DCD5-40AE-A9E3-71C4D540E4DD}"
EndProject
Global
	GlobalSection(SolutionConfigurationPlatforms) = preSolution
		Debug|Any CPU = Debug|Any CPU
		Release|Any CPU = Release|Any CPU
	EndGlobalSection
	GlobalSection(ProjectConfigurationPlatforms) = postSolution
		{3017A1A6-DCD5-40AE-A9E3-71C4D540E4DD}.Debug|Any CPU.ActiveCfg = Debug|Any CPU
		{3017A1A6-DCD5-40AE-A9E3-71C4D540E4DD}.Debug|Any CPU.Build.0 = Debug|Any CPU
		{3017A1A6-DCD5-40AE-A9E3-71C4D540E4DD}.Release|Any CPU.ActiveCfg = Release|Any CPU
		{3017A1A6-DCD5-40AE-A9E3-71C4D540E4DD}.Release|Any CPU.Build.0 = Release|Any CPU
	EndGlobalSection
	GlobalSection(SolutionProperties) = preSolution
		HideSolutionNode = FALSE
	EndGlobalSection
	GlobalSection(ExtensibilityGlobals) = postSolution
		SolutionGuid = {F02593A1-C136-4A88-A30D-6AF6E3473512}
	EndGlobalSection
EndGlobal
